
Microsoft Visual Studio Solution File, Format Version 12.00
# Visual Studio Express 2013 for Windows Desktop
VisualStudioVersion = 12.0.21005.1
MinimumVisualStudioVersion = 10.0.40219.1
Project("{FAE04EC0-301F-11D3-BF4B-00C04F79EFBC}") = "ProjectEuler18", "ProjectEuler18\ProjectEuler18.csproj", "{A8424C95-9622-4F2A-9157-81F819C18CDD}"
EndProject
Project("{FAE04EC0-301F-11D3-BF4B-00C04F79EFBC}") = "ProjectEuler18Tests", "ProjectEuler18Tests\ProjectEuler18Tests.csproj", "{29E94BB8-D307-43AA-B2CA-1D01E03EE886}"
EndProject
Project("{FAE04EC0-301F-11D3-BF4B-00C04F79EFBC}") = "EulerTimer", "EulerTimer\EulerTimer.csproj", "{8D8D6669-EA59-42C7-8074-88A7549909A4}"
EndProject
Global
	GlobalSection(SolutionConfigurationPlatforms) = preSolution
		Debug|Any CPU = Debug|Any CPU
		Release|Any CPU = Release|Any CPU
	EndGlobalSection
	GlobalSection(ProjectConfigurationPlatforms) = postSolution
		{A8424C95-9622-4F2A-9157-81F819C18CDD}.Debug|Any CPU.ActiveCfg = Debug|Any CPU
		{A8424C95-9622-4F2A-9157-81F819C18CDD}.Debug|Any CPU.Build.0 = Debug|Any CPU
		{A8424C95-9622-4F2A-9157-81F819C18CDD}.Release|Any CPU.ActiveCfg = Release|Any CPU
		{A8424C95-9622-4F2A-9157-81F819C18CDD}.Release|Any CPU.Build.0 = Release|Any CPU
		{29E94BB8-D307-43AA-B2CA-1D01E03EE886}.Debug|Any CPU.ActiveCfg = Debug|Any CPU
		{29E94BB8-D307-43AA-B2CA-1D01E03EE886}.Debug|Any CPU.Build.0 = Debug|Any CPU
		{29E94BB8-D307-43AA-B2CA-1D01E03EE886}.Release|Any CPU.ActiveCfg = Release|Any CPU
		{29E94BB8-D307-43AA-B2CA-1D01E03EE886}.Release|Any CPU.Build.0 = Release|Any CPU
		{8D8D6669-EA59-42C7-8074-88A7549909A4}.Debug|Any CPU.ActiveCfg = Debug|Any CPU
		{8D8D6669-EA59-42C7-8074-88A7549909A4}.Debug|Any CPU.Build.0 = Debug|Any CPU
		{8D8D6669-EA59-42C7-8074-88A7549909A4}.Release|Any CPU.ActiveCfg = Release|Any CPU
		{8D8D6669-EA59-42C7-8074-88A7549909A4}.Release|Any CPU.Build.0 = Release|Any CPU
	EndGlobalSection
	GlobalSection(SolutionProperties) = preSolution
		HideSolutionNode = FALSE
	EndGlobalSection
EndGlobal
